github.com/akakou-hobby/uree-package v0.0.0-20210508132358-7f569ffa7e35 h1:qKn2KwBQCT3PvqA8S/shFWvG485es0p19PaI6CuAocE=
github.com/akakou-hobby/uree-package v0.0.0-20210508132358-7f569ffa7e35/go.mod h1:k89Qmsy8Q9QJ/X/wDov5ZMxskwrEvsS/alxnGILhqOY=
github.com/akakou-hobby/uree-package v0.0.0-20210508134638-5c6fea3fe1f5 h1:2HMGRCMbsstHNs3JjAp0VlDoWms1KVqEbNabf/dXqEM=
github.com/akakou-hobby/uree-package v0.0.0-20210508134638-5c6fea3fe1f5/go.mod h1:k89Qmsy8Q9QJ/X/wDov5ZMxskwrEvsS/alxnGILhqOY=
